// !$*UTF8*$!
{
	archiveVersion = 1;
	classes = {
	};
	objectVersion = 63;
	objects = {

/* Begin PBXBuildFile section */
		018EEBFEE6A379938B660212 /* VideoSearchService.swift in Sources */ = {isa = PBXBuildFile; fileRef = 026DB8A1B93EEE6FB4700916 /* VideoSearchService.swift */; };
		047FE6D6E5E18BF619205685 /* LibraryViewModel.swift in Sources */ = {isa = PBXBuildFile; fileRef = 20F913F3BF71A671E95E52BB /* LibraryViewModel.swift */; };
		04F0E40389294A6E63CF66C2 /* ContentView.swift in Sources */ = {isa = PBXBuildFile; fileRef = 3542D6D32CF32B81DEE4EB6D /* ContentView.swift */; };
		0CA6164D8FE9D63C402FBE0D /* KSPlayer in Frameworks */ = {isa = PBXBuildFile; productRef = 086A8932C3A0CAFE953E7F56 /* KSPlayer */; };
		2EB1298134383C94AF6C8D0C /* PipePipeMVPApp.swift in Sources */ = {isa = PBXBuildFile; fileRef = 502E7958F6ECAEEAC9D6D612 /* PipePipeMVPApp.swift */; };
		33545F9FB4689861072C0650 /* SearchViewModel.swift in Sources */ = {isa = PBXBuildFile; fileRef = 33D9FCDF2E35622A199B1662 /* SearchViewModel.swift */; };
		339C8D9D6CCFE061FF89F732 /* LibraryModels.swift in Sources */ = {isa = PBXBuildFile; fileRef = 81EE99274A342E13871221BE /* LibraryModels.swift */; };
		476ECF69DC418FFB9F0EF2C4 /* SearchTabView.swift in Sources */ = {isa = PBXBuildFile; fileRef = 0F62BC40EC6E6693D9F54D1A /* SearchTabView.swift */; };
		4D25AF3C2FE44C38949ED842 /* SubscriptionsFeedView.swift in Sources */ = {isa = PBXBuildFile; fileRef = 93466D0DA889A00BB7BED97B /* SubscriptionsFeedView.swift */; };
		5711894B487E3FD2888949D1 /* KSVideoSurfaceView.swift in Sources */ = {isa = PBXBuildFile; fileRef = 4C36F58C0A4BB0D575A68B79 /* KSVideoSurfaceView.swift */; };
		5F2770DF632E69F16BF6A2C7 /* YouTubeDeepLinkParser.swift in Sources */ = {isa = PBXBuildFile; fileRef = 375649597EFE95299720540A /* YouTubeDeepLinkParser.swift */; };
		632B9CE20A1E82B98BCE6D8B /* ChannelVideosView.swift in Sources */ = {isa = PBXBuildFile; fileRef = F19CDC49603C6BF7E6D55F8B /* ChannelVideosView.swift */; };
		701B47E5E9F880A0E0830398 /* HistoryView.swift in Sources */ = {isa = PBXBuildFile; fileRef = BB5EE3B601CEBF32B5E290A1 /* HistoryView.swift */; };
		7127B6484F1ACFFD5248AE8E /* FeedViewModel.swift in Sources */ = {isa = PBXBuildFile; fileRef = 45EEC8D36CFE5FEF03DD6916 /* FeedViewModel.swift */; };
		75884215AD7A41B62ED7E38A /* VideoItem.swift in Sources */ = {isa = PBXBuildFile; fileRef = CC5E863562E2416DCC75EBE2 /* VideoItem.swift */; };
		7790751EAFA4715B717C0BD8 /* SponsorBlockService.swift in Sources */ = {isa = PBXBuildFile; fileRef = C1B67B6E49467258BBB5AAB9 /* SponsorBlockService.swift */; };
		7A0E219D4B2F699C53F53007 /* PlaybackQueueViewModel.swift in Sources */ = {isa = PBXBuildFile; fileRef = EAA02490A7CF27C7A3562EFA /* PlaybackQueueViewModel.swift */; };
		9DBC64CE72EA7C391575D8A2 /* SubscriptionsView.swift in Sources */ = {isa = PBXBuildFile; fileRef = 5BF50B2DECD928CCD44C22AB /* SubscriptionsView.swift */; };
		B4395C9C3846AEC852E47F98 /* SubscriptionsFileDocument.swift in Sources */ = {isa = PBXBuildFile; fileRef = 72265781790E2B99293E7F17 /* SubscriptionsFileDocument.swift */; };
		B59BB5907D4878B2445DA7E5 /* VideoPlayerScreen.swift in Sources */ = {isa = PBXBuildFile; fileRef = 3A39FEF88BBFA036C06B6F44 /* VideoPlayerScreen.swift */; };
		B8477B36544452A5970C97BA /* SubscriptionsHomeView.swift in Sources */ = {isa = PBXBuildFile; fileRef = 4AAC6BE9C4D19E6622184080 /* SubscriptionsHomeView.swift */; };
		C316A8FBF2FF7B5E83B4EF0A /* PlaylistDetailView.swift in Sources */ = {isa = PBXBuildFile; fileRef = 85463F7650347E77174ABEDC /* PlaylistDetailView.swift */; };
		D36A02CF08A6889C7E56DCC9 /* TrendsView.swift in Sources */ = {isa = PBXBuildFile; fileRef = F7C2349EA074145ECCBAD3FF /* TrendsView.swift */; };
		E1C0165349185FBF718FDD2E /* FeedView.swift in Sources */ = {isa = PBXBuildFile; fileRef = E40B8877D3CF7C392DD65C6E /* FeedView.swift */; };
		E515755F807CC9E93EAA574F /* SettingsView.swift in Sources */ = {isa = PBXBuildFile; fileRef = 81BBB52D7E2BF753F5DA1B06 /* SettingsView.swift */; };
		EFD84F4BFE051DBC06ED7E20 /* LibraryView.swift in Sources */ = {isa = PBXBuildFile; fileRef = A3DB7FD70A4B93BCD7264AB4 /* LibraryView.swift */; };
		F599BE4ABBAEA62331C9C677 /* VideoListRowView.swift in Sources */ = {isa = PBXBuildFile; fileRef = 56AB18D319154F4FDD32561F /* VideoListRowView.swift */; };
/* End PBXBuildFile section */

/* Begin PBXFileReference section */
		0150AA142221207FB5C7D223 /* PipePipeMVP.app */ = {isa = PBXFileReference; explicitFileType = wrapper.application; includeInIndex = 0; path = PipePipeMVP.app; sourceTree = BUILT_PRODUCTS_DIR; };
		026DB8A1B93EEE6FB4700916 /* VideoSearchService.swift */ = {isa = PBXFileReference; lastKnownFileType = sourcecode.swift; path = VideoSearchService.swift; sourceTree = "<group>"; };
		0F62BC40EC6E6693D9F54D1A /* SearchTabView.swift */ = {isa = PBXFileReference; lastKnownFileType = sourcecode.swift; path = SearchTabView.swift; sourceTree = "<group>"; };
		20F913F3BF71A671E95E52BB /* LibraryViewModel.swift */ = {isa = PBXFileReference; lastKnownFileType = sourcecode.swift; path = LibraryViewModel.swift; sourceTree = "<group>"; };
		33D9FCDF2E35622A199B1662 /* SearchViewModel.swift */ = {isa = PBXFileReference; lastKnownFileType = sourcecode.swift; path = SearchViewModel.swift; sourceTree = "<group>"; };
		3542D6D32CF32B81DEE4EB6D /* ContentView.swift */ = {isa = PBXFileReference; lastKnownFileType = sourcecode.swift; path = ContentView.swift; sourceTree = "<group>"; };
		375649597EFE95299720540A /* YouTubeDeepLinkParser.swift */ = {isa = PBXFileReference; lastKnownFileType = sourcecode.swift; path = YouTubeDeepLinkParser.swift; sourceTree = "<group>"; };
		3A39FEF88BBFA036C06B6F44 /* VideoPlayerScreen.swift */ = {isa = PBXFileReference; lastKnownFileType = sourcecode.swift; path = VideoPlayerScreen.swift; sourceTree = "<group>"; };
		45EEC8D36CFE5FEF03DD6916 /* FeedViewModel.swift */ = {isa = PBXFileReference; lastKnownFileType = sourcecode.swift; path = FeedViewModel.swift; sourceTree = "<group>"; };
		4AAC6BE9C4D19E6622184080 /* SubscriptionsHomeView.swift */ = {isa = PBXFileReference; lastKnownFileType = sourcecode.swift; path = SubscriptionsHomeView.swift; sourceTree = "<group>"; };
		4C36F58C0A4BB0D575A68B79 /* KSVideoSurfaceView.swift */ = {isa = PBXFileReference; lastKnownFileType = sourcecode.swift; path = KSVideoSurfaceView.swift; sourceTree = "<group>"; };
		502E7958F6ECAEEAC9D6D612 /* PipePipeMVPApp.swift */ = {isa = PBXFileReference; lastKnownFileType = sourcecode.swift; path = PipePipeMVPApp.swift; sourceTree = "<group>"; };
		56AB18D319154F4FDD32561F /* VideoListRowView.swift */ = {isa = PBXFileReference; lastKnownFileType = sourcecode.swift; path = VideoListRowView.swift; sourceTree = "<group>"; };
		5BF50B2DECD928CCD44C22AB /* SubscriptionsView.swift */ = {isa = PBXFileReference; lastKnownFileType = sourcecode.swift; path = SubscriptionsView.swift; sourceTree = "<group>"; };
		660EA3190717CBB158264FA6 /* Info.plist */ = {isa = PBXFileReference; lastKnownFileType = text.plist; path = Info.plist; sourceTree = "<group>"; };
		72265781790E2B99293E7F17 /* SubscriptionsFileDocument.swift */ = {isa = PBXFileReference; lastKnownFileType = sourcecode.swift; path = SubscriptionsFileDocument.swift; sourceTree = "<group>"; };
		81BBB52D7E2BF753F5DA1B06 /* SettingsView.swift */ = {isa = PBXFileReference; lastKnownFileType = sourcecode.swift; path = SettingsView.swift; sourceTree = "<group>"; };
		81EE99274A342E13871221BE /* LibraryModels.swift */ = {isa = PBXFileReference; lastKnownFileType = sourcecode.swift; path = LibraryModels.swift; sourceTree = "<group>"; };
		85463F7650347E77174ABEDC /* PlaylistDetailView.swift */ = {isa = PBXFileReference; lastKnownFileType = sourcecode.swift; path = PlaylistDetailView.swift; sourceTree = "<group>"; };
		93466D0DA889A00BB7BED97B /* SubscriptionsFeedView.swift */ = {isa = PBXFileReference; lastKnownFileType = sourcecode.swift; path = SubscriptionsFeedView.swift; sourceTree = "<group>"; };
		A3DB7FD70A4B93BCD7264AB4 /* LibraryView.swift */ = {isa = PBXFileReference; lastKnownFileType = sourcecode.swift; path = LibraryView.swift; sourceTree = "<group>"; };
		BB5EE3B601CEBF32B5E290A1 /* HistoryView.swift */ = {isa = PBXFileReference; lastKnownFileType = sourcecode.swift; path = HistoryView.swift; sourceTree = "<group>"; };
		C1B67B6E49467258BBB5AAB9 /* SponsorBlockService.swift */ = {isa = PBXFileReference; lastKnownFileType = sourcecode.swift; path = SponsorBlockService.swift; sourceTree = "<group>"; };
		CC5E863562E2416DCC75EBE2 /* VideoItem.swift */ = {isa = PBXFileReference; lastKnownFileType = sourcecode.swift; path = VideoItem.swift; sourceTree = "<group>"; };
		E40B8877D3CF7C392DD65C6E /* FeedView.swift */ = {isa = PBXFileReference; lastKnownFileType = sourcecode.swift; path = FeedView.swift; sourceTree = "<group>"; };
		EAA02490A7CF27C7A3562EFA /* PlaybackQueueViewModel.swift */ = {isa = PBXFileReference; lastKnownFileType = sourcecode.swift; path = PlaybackQueueViewModel.swift; sourceTree = "<group>"; };
		F19CDC49603C6BF7E6D55F8B /* ChannelVideosView.swift */ = {isa = PBXFileReference; lastKnownFileType = sourcecode.swift; path = ChannelVideosView.swift; sourceTree = "<group>"; };
		F7C2349EA074145ECCBAD3FF /* TrendsView.swift */ = {isa = PBXFileReference; lastKnownFileType = sourcecode.swift; path = TrendsView.swift; sourceTree = "<group>"; };
/* End PBXFileReference section */

/* Begin PBXFrameworksBuildPhase section */
		AD09DB2FE3143C232A4FD760 /* Frameworks */ = {
			isa = PBXFrameworksBuildPhase;
			buildActionMask = 2147483647;
			files = (
				0CA6164D8FE9D63C402FBE0D /* KSPlayer in Frameworks */,
			);
			runOnlyForDeploymentPostprocessing = 0;
		};
/* End PBXFrameworksBuildPhase section */

/* Begin PBXGroup section */
		125E77B1860CF13DB725D499 /* Views */ = {
			isa = PBXGroup;
			children = (
				F19CDC49603C6BF7E6D55F8B /* ChannelVideosView.swift */,
				3542D6D32CF32B81DEE4EB6D /* ContentView.swift */,
				E40B8877D3CF7C392DD65C6E /* FeedView.swift */,
				BB5EE3B601CEBF32B5E290A1 /* HistoryView.swift */,
				4C36F58C0A4BB0D575A68B79 /* KSVideoSurfaceView.swift */,
				A3DB7FD70A4B93BCD7264AB4 /* LibraryView.swift */,
				85463F7650347E77174ABEDC /* PlaylistDetailView.swift */,
				0F62BC40EC6E6693D9F54D1A /* SearchTabView.swift */,
				81BBB52D7E2BF753F5DA1B06 /* SettingsView.swift */,
				93466D0DA889A00BB7BED97B /* SubscriptionsFeedView.swift */,
				4AAC6BE9C4D19E6622184080 /* SubscriptionsHomeView.swift */,
				5BF50B2DECD928CCD44C22AB /* SubscriptionsView.swift */,
				F7C2349EA074145ECCBAD3FF /* TrendsView.swift */,
				56AB18D319154F4FDD32561F /* VideoListRowView.swift */,
				3A39FEF88BBFA036C06B6F44 /* VideoPlayerScreen.swift */,
			);
			path = Views;
			sourceTree = "<group>";
		};
		319A1F1F0BA08160C7538617 /* ViewModels */ = {
			isa = PBXGroup;
			children = (
				45EEC8D36CFE5FEF03DD6916 /* FeedViewModel.swift */,
				20F913F3BF71A671E95E52BB /* LibraryViewModel.swift */,
				EAA02490A7CF27C7A3562EFA /* PlaybackQueueViewModel.swift */,
				33D9FCDF2E35622A199B1662 /* SearchViewModel.swift */,
			);
			path = ViewModels;
			sourceTree = "<group>";
		};
		45407EDAD1AA4E322AA97A81 /* Services */ = {
			isa = PBXGroup;
			children = (
				C1B67B6E49467258BBB5AAB9 /* SponsorBlockService.swift */,
				026DB8A1B93EEE6FB4700916 /* VideoSearchService.swift */,
				375649597EFE95299720540A /* YouTubeDeepLinkParser.swift */,
			);
			path = Services;
			sourceTree = "<group>";
		};
		4B9A55511742DC2BD9B17D48 /* Products */ = {
			isa = PBXGroup;
			children = (
				0150AA142221207FB5C7D223 /* PipePipeMVP.app */,
			);
			name = Products;
			sourceTree = "<group>";
		};
		D618F2B88C63C8F42C0F8044 = {
			isa = PBXGroup;
			children = (
				D87E2DD2DBF2BDF9FA5B0950 /* PipePipeMVP */,
				4B9A55511742DC2BD9B17D48 /* Products */,
			);
			sourceTree = "<group>";
		};
		D87E2DD2DBF2BDF9FA5B0950 /* PipePipeMVP */ = {
			isa = PBXGroup;
			children = (
				660EA3190717CBB158264FA6 /* Info.plist */,
				502E7958F6ECAEEAC9D6D612 /* PipePipeMVPApp.swift */,
				F4D5C7CAAEF8FA26DE959761 /* Models */,
				45407EDAD1AA4E322AA97A81 /* Services */,
				319A1F1F0BA08160C7538617 /* ViewModels */,
				125E77B1860CF13DB725D499 /* Views */,
			);
			path = PipePipeMVP;
			sourceTree = "<group>";
		};
		F4D5C7CAAEF8FA26DE959761 /* Models */ = {
			isa = PBXGroup;
			children = (
				81EE99274A342E13871221BE /* LibraryModels.swift */,
				72265781790E2B99293E7F17 /* SubscriptionsFileDocument.swift */,
				CC5E863562E2416DCC75EBE2 /* VideoItem.swift */,
			);
			path = Models;
			sourceTree = "<group>";
		};
/* End PBXGroup section */

/* Begin PBXNativeTarget section */
		495787DB5CC45EAF0B2AAE4F /* PipePipeMVP */ = {
			isa = PBXNativeTarget;
			buildConfigurationList = 89CD8CE4BC0E6ABBB774C599 /* Build configuration list for PBXNativeTarget "PipePipeMVP" */;
			buildPhases = (
				FCC89959488B5B2B54BC999D /* Sources */,
				AD09DB2FE3143C232A4FD760 /* Frameworks */,
				26A7F565FEEEDDD908425BBA /* Fix KSPlayer Framework Bundle ID */,
			);
			buildRules = (
			);
			dependencies = (
			);
			name = PipePipeMVP;
			packageProductDependencies = (
				086A8932C3A0CAFE953E7F56 /* KSPlayer */,
			);
			productName = PipePipeMVP;
			productReference = 0150AA142221207FB5C7D223 /* PipePipeMVP.app */;
			productType = "com.apple.product-type.application";
		};
/* End PBXNativeTarget section */

/* Begin PBXProject section */
		4ACB357274E953DD9B5B7E95 /* Project object */ = {
			isa = PBXProject;
			attributes = {
				BuildIndependentTargetsInParallel = YES;
				LastUpgradeCheck = 1430;
			};
			buildConfigurationList = 02E4F0B97E428321D46EEC0D /* Build configuration list for PBXProject "PipePipeMVP" */;
			compatibilityVersion = "Xcode 14.0";
			developmentRegion = en;
			hasScannedForEncodings = 0;
			knownRegions = (
				Base,
				en,
			);
			mainGroup = D618F2B88C63C8F42C0F8044;
			minimizedProjectReferenceProxies = 1;
			packageReferences = (
				FC4E14A511DBBEB979EBBFDD /* XCRemoteSwiftPackageReference "KSPlayer" */,
			);
			projectDirPath = "";
			projectRoot = "";
			targets = (
				495787DB5CC45EAF0B2AAE4F /* PipePipeMVP */,
			);
		};
/* End PBXProject section */

/* Begin PBXShellScriptBuildPhase section */
		26A7F565FEEEDDD908425BBA /* Fix KSPlayer Framework Bundle ID */ = {
			isa = PBXShellScriptBuildPhase;
			buildActionMask = 2147483647;
			files = (
			);
			inputFileListPaths = (
			);
			inputPaths = (
			);
			name = "Fix KSPlayer Framework Bundle ID";
			outputFileListPaths = (
			);
			outputPaths = (
			);
			runOnlyForDeploymentPostprocessing = 0;
			shellPath = /bin/sh;
			shellScript = "FIXED_BUNDLE_ID=\"com.kintan.ksplayer.libshaderccombined\"\nFRAMEWORK_PATH=\"${TARGET_BUILD_DIR}/${FRAMEWORKS_FOLDER_PATH}/libshaderc_combined.framework\"\nPLIST_PATH=\"${FRAMEWORK_PATH}/Info.plist\"\nif [ ! -f \"${PLIST_PATH}\" ]; then\n  exit 0\nfi\n\n/usr/libexec/PlistBuddy -c \"Set :CFBundleIdentifier ${FIXED_BUNDLE_ID}\" \"${PLIST_PATH}\" || \\\n/usr/libexec/PlistBuddy -c \"Add :CFBundleIdentifier string ${FIXED_BUNDLE_ID}\" \"${PLIST_PATH}\"\n\nif [ -n \"${EXPANDED_CODE_SIGN_IDENTITY}\" ]; then\n  /usr/bin/codesign --force --sign \"${EXPANDED_CODE_SIGN_IDENTITY}\" \\\n    --identifier \"${FIXED_BUNDLE_ID}\" \\\n    --preserve-metadata=entitlements \"${FRAMEWORK_PATH}\"\nfi\n\nexit 0\n";
		};
/* End PBXShellScriptBuildPhase section */

/* Begin PBXSourcesBuildPhase section */
		FCC89959488B5B2B54BC999D /* Sources */ = {
			isa = PBXSourcesBuildPhase;
			buildActionMask = 2147483647;
			files = (
				632B9CE20A1E82B98BCE6D8B /* ChannelVideosView.swift in Sources */,
				04F0E40389294A6E63CF66C2 /* ContentView.swift in Sources */,
				E1C0165349185FBF718FDD2E /* FeedView.swift in Sources */,
				7127B6484F1ACFFD5248AE8E /* FeedViewModel.swift in Sources */,
				701B47E5E9F880A0E0830398 /* HistoryView.swift in Sources */,
				5711894B487E3FD2888949D1 /* KSVideoSurfaceView.swift in Sources */,
				339C8D9D6CCFE061FF89F732 /* LibraryModels.swift in Sources */,
				EFD84F4BFE051DBC06ED7E20 /* LibraryView.swift in Sources */,
				047FE6D6E5E18BF619205685 /* LibraryViewModel.swift in Sources */,
				2EB1298134383C94AF6C8D0C /* PipePipeMVPApp.swift in Sources */,
				7A0E219D4B2F699C53F53007 /* PlaybackQueueViewModel.swift in Sources */,
				C316A8FBF2FF7B5E83B4EF0A /* PlaylistDetailView.swift in Sources */,
				476ECF69DC418FFB9F0EF2C4 /* SearchTabView.swift in Sources */,
				33545F9FB4689861072C0650 /* SearchViewModel.swift in Sources */,
				E515755F807CC9E93EAA574F /* SettingsView.swift in Sources */,
				7790751EAFA4715B717C0BD8 /* SponsorBlockService.swift in Sources */,
				4D25AF3C2FE44C38949ED842 /* SubscriptionsFeedView.swift in Sources */,
				B4395C9C3846AEC852E47F98 /* SubscriptionsFileDocument.swift in Sources */,
				B8477B36544452A5970C97BA /* SubscriptionsHomeView.swift in Sources */,
				9DBC64CE72EA7C391575D8A2 /* SubscriptionsView.swift in Sources */,
				D36A02CF08A6889C7E56DCC9 /* TrendsView.swift in Sources */,
				75884215AD7A41B62ED7E38A /* VideoItem.swift in Sources */,
				F599BE4ABBAEA62331C9C677 /* VideoListRowView.swift in Sources */,
				B59BB5907D4878B2445DA7E5 /* VideoPlayerScreen.swift in Sources */,
				018EEBFEE6A379938B660212 /* VideoSearchService.swift in Sources */,
				5F2770DF632E69F16BF6A2C7 /* YouTubeDeepLinkParser.swift in Sources */,
			);
			runOnlyForDeploymentPostprocessing = 0;
		};
/* End PBXSourcesBuildPhase section */

/* Begin XCBuildConfiguration section */
		05754DA43E405B39FECB08BF /* Release */ = {
			isa = XCBuildConfiguration;
			buildSettings = {
				ALWAYS_SEARCH_USER_PATHS = NO;
				CLANG_ANALYZER_NONNULL = YES;
				CLANG_ANALYZER_NUMBER_OBJECT_CONVERSION = YES_AGGRESSIVE;
				CLANG_CXX_LANGUAGE_STANDARD = "gnu++14";
				CLANG_CXX_LIBRARY = "libc++";
				CLANG_ENABLE_MODULES = YES;
				CLANG_ENABLE_OBJC_ARC = YES;
				CLANG_ENABLE_OBJC_WEAK = YES;
				CLANG_WARN_BLOCK_CAPTURE_AUTORELEASING = YES;
				CLANG_WARN_BOOL_CONVERSION = YES;
				CLANG_WARN_COMMA = YES;
				CLANG_WARN_CONSTANT_CONVERSION = YES;
				CLANG_WARN_DEPRECATED_OBJC_IMPLEMENTATIONS = YES;
				CLANG_WARN_DIRECT_OBJC_ISA_USAGE = YES_ERROR;
				CLANG_WARN_DOCUMENTATION_COMMENTS = YES;
				CLANG_WARN_EMPTY_BODY = YES;
				CLANG_WARN_ENUM_CONVERSION = YES;
				CLANG_WARN_INFINITE_RECURSION = YES;
				CLANG_WARN_INT_CONVERSION = YES;
				CLANG_WARN_NON_LITERAL_NULL_CONVERSION = YES;
				CLANG_WARN_OBJC_IMPLICIT_RETAIN_SELF = YES;
				CLANG_WARN_OBJC_LITERAL_CONVERSION = YES;
				CLANG_WARN_OBJC_ROOT_CLASS = YES_ERROR;
				CLANG_WARN_QUOTED_INCLUDE_IN_FRAMEWORK_HEADER = YES;
				CLANG_WARN_RANGE_LOOP_ANALYSIS = YES;
				CLANG_WARN_STRICT_PROTOTYPES = YES;
				CLANG_WARN_SUSPICIOUS_MOVE = YES;
				CLANG_WARN_UNGUARDED_AVAILABILITY = YES_AGGRESSIVE;
				CLANG_WARN_UNREACHABLE_CODE = YES;
				CLANG_WARN__DUPLICATE_METHOD_MATCH = YES;
				COPY_PHASE_STRIP = NO;
				DEBUG_INFORMATION_FORMAT = "dwarf-with-dsym";
				ENABLE_NS_ASSERTIONS = NO;
				ENABLE_STRICT_OBJC_MSGSEND = YES;
				GCC_C_LANGUAGE_STANDARD = gnu11;
				GCC_NO_COMMON_BLOCKS = YES;
				GCC_WARN_64_TO_32_BIT_CONVERSION = YES;
				GCC_WARN_ABOUT_RETURN_TYPE = YES_ERROR;
				GCC_WARN_UNDECLARED_SELECTOR = YES;
				GCC_WARN_UNINITIALIZED_AUTOS = YES_AGGRESSIVE;
				GCC_WARN_UNUSED_FUNCTION = YES;
				GCC_WARN_UNUSED_VARIABLE = YES;
				MTL_ENABLE_DEBUG_INFO = NO;
				MTL_FAST_MATH = YES;
				PRODUCT_NAME = "$(TARGET_NAME)";
				SDKROOT = iphoneos;
				SWIFT_COMPILATION_MODE = wholemodule;
				SWIFT_OPTIMIZATION_LEVEL = "-O";
				SWIFT_VERSION = 5.0;
			};
			name = Release;
		};
		0FA72234A4592F59E4CA8DA9 /* Release */ = {
			isa = XCBuildConfiguration;
			buildSettings = {
				ASSETCATALOG_COMPILER_APPICON_NAME = AppIcon;
				CODE_SIGN_IDENTITY = "iPhone Developer";
				DEVELOPMENT_TEAM = HFR946NW67;
				INFOPLIST_FILE = PipePipeMVP/Info.plist;
				IPHONEOS_DEPLOYMENT_TARGET = 16.0;
				LD_RUNPATH_SEARCH_PATHS = (
					"$(inherited)",
					"@executable_path/Frameworks",
				);
				PRODUCT_BUNDLE_IDENTIFIER = org.pipepipe.mvp;
				SDKROOT = iphoneos;
				SUPPORTS_MACCATALYST = NO;
				SWIFT_VERSION = 5.0;
				TARGETED_DEVICE_FAMILY = "1,2";
			};
			name = Release;
		};
		725FF8021014A1F8731F23C7 /* Debug */ = {
			isa = XCBuildConfiguration;
			buildSettings = {
				ASSETCATALOG_COMPILER_APPICON_NAME = AppIcon;
				CODE_SIGN_IDENTITY = "iPhone Developer";
				DEVELOPMENT_TEAM = HFR946NW67;
				INFOPLIST_FILE = PipePipeMVP/Info.plist;
				IPHONEOS_DEPLOYMENT_TARGET = 16.0;
				LD_RUNPATH_SEARCH_PATHS = (
					"$(inherited)",
					"@executable_path/Frameworks",
				);
				PRODUCT_BUNDLE_IDENTIFIER = org.pipepipe.mvp;
				SDKROOT = iphoneos;
				SUPPORTS_MACCATALYST = NO;
				SWIFT_VERSION = 5.0;
				TARGETED_DEVICE_FAMILY = "1,2";
			};
			name = Debug;
		};
		88329AA8119512F7E93CF3C4 /* Debug */ = {
			isa = XCBuildConfiguration;
			buildSettings = {
				ALWAYS_SEARCH_USER_PATHS = NO;
				CLANG_ANALYZER_NONNULL = YES;
				CLANG_ANALYZER_NUMBER_OBJECT_CONVERSION = YES_AGGRESSIVE;
				CLANG_CXX_LANGUAGE_STANDARD = "gnu++14";
				CLANG_CXX_LIBRARY = "libc++";
				CLANG_ENABLE_MODULES = YES;
				CLANG_ENABLE_OBJC_ARC = YES;
				CLANG_ENABLE_OBJC_WEAK = YES;
				CLANG_WARN_BLOCK_CAPTURE_AUTORELEASING = YES;
				CLANG_WARN_BOOL_CONVERSION = YES;
				CLANG_WARN_COMMA = YES;
				CLANG_WARN_CONSTANT_CONVERSION = YES;
				CLANG_WARN_DEPRECATED_OBJC_IMPLEMENTATIONS = YES;
				CLANG_WARN_DIRECT_OBJC_ISA_USAGE = YES_ERROR;
				CLANG_WARN_DOCUMENTATION_COMMENTS = YES;
				CLANG_WARN_EMPTY_BODY = YES;
				CLANG_WARN_ENUM_CONVERSION = YES;
				CLANG_WARN_INFINITE_RECURSION = YES;
				CLANG_WARN_INT_CONVERSION = YES;
				CLANG_WARN_NON_LITERAL_NULL_CONVERSION = YES;
				CLANG_WARN_OBJC_IMPLICIT_RETAIN_SELF = YES;
				CLANG_WARN_OBJC_LITERAL_CONVERSION = YES;
				CLANG_WARN_OBJC_ROOT_CLASS = YES_ERROR;
				CLANG_WARN_QUOTED_INCLUDE_IN_FRAMEWORK_HEADER = YES;
				CLANG_WARN_RANGE_LOOP_ANALYSIS = YES;
				CLANG_WARN_STRICT_PROTOTYPES = YES;
				CLANG_WARN_SUSPICIOUS_MOVE = YES;
				CLANG_WARN_UNGUARDED_AVAILABILITY = YES_AGGRESSIVE;
				CLANG_WARN_UNREACHABLE_CODE = YES;
				CLANG_WARN__DUPLICATE_METHOD_MATCH = YES;
				COPY_PHASE_STRIP = NO;
				DEBUG_INFORMATION_FORMAT = dwarf;
				ENABLE_STRICT_OBJC_MSGSEND = YES;
				ENABLE_TESTABILITY = YES;
				GCC_C_LANGUAGE_STANDARD = gnu11;
				GCC_DYNAMIC_NO_PIC = NO;
				GCC_NO_COMMON_BLOCKS = YES;
				GCC_OPTIMIZATION_LEVEL = 0;
				GCC_PREPROCESSOR_DEFINITIONS = (
					"$(inherited)",
					"DEBUG=1",
				);
				GCC_WARN_64_TO_32_BIT_CONVERSION = YES;
				GCC_WARN_ABOUT_RETURN_TYPE = YES_ERROR;
				GCC_WARN_UNDECLARED_SELECTOR = YES;
				GCC_WARN_UNINITIALIZED_AUTOS = YES_AGGRESSIVE;
				GCC_WARN_UNUSED_FUNCTION = YES;
				GCC_WARN_UNUSED_VARIABLE = YES;
				MTL_ENABLE_DEBUG_INFO = INCLUDE_SOURCE;
				MTL_FAST_MATH = YES;
				ONLY_ACTIVE_ARCH = YES;
				PRODUCT_NAME = "$(TARGET_NAME)";
				SDKROOT = iphoneos;
				SWIFT_ACTIVE_COMPILATION_CONDITIONS = DEBUG;
				SWIFT_OPTIMIZATION_LEVEL = "-Onone";
				SWIFT_VERSION = 5.0;
			};
			name = Debug;
		};
/* End XCBuildConfiguration section */

/* Begin XCConfigurationList section */
		02E4F0B97E428321D46EEC0D /* Build configuration list for PBXProject "PipePipeMVP" */ = {
			isa = XCConfigurationList;
			buildConfigurations = (
				88329AA8119512F7E93CF3C4 /* Debug */,
				05754DA43E405B39FECB08BF /* Release */,
			);
			defaultConfigurationIsVisible = 0;
			defaultConfigurationName = Debug;
		};
		89CD8CE4BC0E6ABBB774C599 /* Build configuration list for PBXNativeTarget "PipePipeMVP" */ = {
			isa = XCConfigurationList;
			buildConfigurations = (
				725FF8021014A1F8731F23C7 /* Debug */,
				0FA72234A4592F59E4CA8DA9 /* Release */,
			);
			defaultConfigurationIsVisible = 0;
			defaultConfigurationName = Debug;
		};
/* End XCConfigurationList section */

/* Begin XCRemoteSwiftPackageReference section */
		FC4E14A511DBBEB979EBBFDD /* XCRemoteSwiftPackageReference "KSPlayer" */ = {
			isa = XCRemoteSwiftPackageReference;
			repositoryURL = "https://github.com/kingslay/KSPlayer";
			requirement = {
				kind = exactVersion;
				version = 2.1.2;
			};
		};
/* End XCRemoteSwiftPackageReference section */

/* Begin XCSwiftPackageProductDependency section */
		086A8932C3A0CAFE953E7F56 /* KSPlayer */ = {
			isa = XCSwiftPackageProductDependency;
			package = FC4E14A511DBBEB979EBBFDD /* XCRemoteSwiftPackageReference "KSPlayer" */;
			productName = KSPlayer;
		};
/* End XCSwiftPackageProductDependency section */
	};
	rootObject = 4ACB357274E953DD9B5B7E95 /* Project object */;
}
